
Microsoft Visual Studio Solution File, Format Version 12.00
# Visual Studio Version 17
VisualStudioVersion = 17.14.36414.22 d17.14
MinimumVisualStudioVersion = 10.0.40219.1
Project("{FAE04EC0-301F-11D3-BF4B-00C04F79EFBC}") = "PrometeoMVC", "PrometeoMVC.csproj", "{43688EE1-A056-4E85-B72B-0056B60B8004}"
EndProject
Global
	GlobalSection(SolutionConfigurationPlatforms) = preSolution
		Debug|Any CPU = Debug|Any CPU
		Release|Any CPU = Release|Any CPU
	EndGlobalSection
	GlobalSection(ProjectConfigurationPlatforms) = postSolution
		{43688EE1-A056-4E85-B72B-0056B60B8004}.Debug|Any CPU.ActiveCfg = Debug|Any CPU
		{43688EE1-A056-4E85-B72B-0056B60B8004}.Debug|Any CPU.Build.0 = Debug|Any CPU
		{43688EE1-A056-4E85-B72B-0056B60B8004}.Release|Any CPU.ActiveCfg = Release|Any CPU
		{43688EE1-A056-4E85-B72B-0056B60B8004}.Release|Any CPU.Build.0 = Release|Any CPU
	EndGlobalSection
	GlobalSection(SolutionProperties) = preSolution
		HideSolutionNode = FALSE
	EndGlobalSection
	GlobalSection(ExtensibilityGlobals) = postSolution
		SolutionGuid = {653E3569-9B6F-416C-9181-F4F8FB5B42E5}
	EndGlobalSection
EndGlobal
